// !$*UTF8*$!
{
	archiveVersion = 1;
	classes = {
	};
	objectVersion = 70;
	objects = {

/* Begin PBXBuildFile section */
		22333BE629ADE9A800C0A56D /* KaraokeError.swift in Sources */ = {isa = PBXBuildFile; fileRef = 22333BE529ADE9A800C0A56D /* KaraokeError.swift */; };
		224679272D057676005408E6 /* FavoriteSongReactor.swift in Sources */ = {isa = PBXBuildFile; fileRef = 224679262D057676005408E6 /* FavoriteSongReactor.swift */; };
		226104662BE60BD800E77003 /* Date+.swift in Sources */ = {isa = PBXBuildFile; fileRef = 226104652BE60BD700E77003 /* Date+.swift */; };
		226104682BE60BE300E77003 /* UITextField+.swift in Sources */ = {isa = PBXBuildFile; fileRef = 226104672BE60BE300E77003 /* UITextField+.swift */; };
		2261D7B629990B5E0059222E /* RecentSongViewController.swift in Sources */ = {isa = PBXBuildFile; fileRef = 2261D7B529990B5E0059222E /* RecentSongViewController.swift */; };
		2261D7B829990B660059222E /* RecentSongPresenter.swift in Sources */ = {isa = PBXBuildFile; fileRef = 2261D7B729990B660059222E /* RecentSongPresenter.swift */; };
		2261D7BD299E68BF0059222E /* SearchResultViewController.swift in Sources */ = {isa = PBXBuildFile; fileRef = 2261D7BC299E68BF0059222E /* SearchResultViewController.swift */; };
		2261D7BF299E68E80059222E /* SearchResultPresenter.swift in Sources */ = {isa = PBXBuildFile; fileRef = 2261D7BE299E68E80059222E /* SearchResultPresenter.swift */; };
		22A375AC2BE4DD9A00902081 /* SongModel.xcdatamodeld in Sources */ = {isa = PBXBuildFile; fileRef = 22A375AA2BE4DD9A00902081 /* SongModel.xcdatamodeld */; };
		22AE3BFA2CDDFAFB00CFE787 /* ReactorKit in Frameworks */ = {isa = PBXBuildFile; productRef = 22AE3BF92CDDFAFB00CFE787 /* ReactorKit */; };
		22AE3BFC2CDDFD5C00CFE787 /* HomeReactor.swift in Sources */ = {isa = PBXBuildFile; fileRef = 22AE3BFB2CDDFD5C00CFE787 /* HomeReactor.swift */; };
		22AE3C022CE2113C00CFE787 /* RxCocoa in Frameworks */ = {isa = PBXBuildFile; productRef = 22AE3C012CE2113C00CFE787 /* RxCocoa */; };
		22AE3C042CE2113C00CFE787 /* RxRelay in Frameworks */ = {isa = PBXBuildFile; productRef = 22AE3C032CE2113C00CFE787 /* RxRelay */; };
		22AE3C062CE2113C00CFE787 /* RxSwift in Frameworks */ = {isa = PBXBuildFile; productRef = 22AE3C052CE2113C00CFE787 /* RxSwift */; };
		22B5011A2993EA4E00677964 /* AppDelegate.swift in Sources */ = {isa = PBXBuildFile; fileRef = 22B501192993EA4E00677964 /* AppDelegate.swift */; };
		22B5011C2993EA4E00677964 /* SceneDelegate.swift in Sources */ = {isa = PBXBuildFile; fileRef = 22B5011B2993EA4E00677964 /* SceneDelegate.swift */; };
		22B501232993EA4E00677964 /* Assets.xcassets in Resources */ = {isa = PBXBuildFile; fileRef = 22B501222993EA4E00677964 /* Assets.xcassets */; };
		22B501262993EA4E00677964 /* LaunchScreen.storyboard in Resources */ = {isa = PBXBuildFile; fileRef = 22B501242993EA4E00677964 /* LaunchScreen.storyboard */; };
		22B5014A2993EA7900677964 /* HomeViewController.swift in Sources */ = {isa = PBXBuildFile; fileRef = 22B501492993EA7900677964 /* HomeViewController.swift */; };
		22B5014C2993EA9C00677964 /* HomePresenter.swift in Sources */ = {isa = PBXBuildFile; fileRef = 22B5014B2993EA9C00677964 /* HomePresenter.swift */; };
		22B5014F2993EABA00677964 /* KaraokeSearchManager.swift in Sources */ = {isa = PBXBuildFile; fileRef = 22B5014E2993EABA00677964 /* KaraokeSearchManager.swift */; };
		22B501522993EAD800677964 /* KaraokeSearchInfo.swift in Sources */ = {isa = PBXBuildFile; fileRef = 22B501512993EAD800677964 /* KaraokeSearchInfo.swift */; };
		22B5015A2993EB4F00677964 /* Song.swift in Sources */ = {isa = PBXBuildFile; fileRef = 22B501592993EB4F00677964 /* Song.swift */; };
		22B5015D2993EB9200677964 /* SnapKit in Frameworks */ = {isa = PBXBuildFile; productRef = 22B5015C2993EB9200677964 /* SnapKit */; };
		22B501602993EBA300677964 /* Alamofire in Frameworks */ = {isa = PBXBuildFile; productRef = 22B5015F2993EBA300677964 /* Alamofire */; };
		22B501672993F40F00677964 /* HomeList.swift in Sources */ = {isa = PBXBuildFile; fileRef = 22B501662993F40F00677964 /* HomeList.swift */; };
		22B5016A2995E2AB00677964 /* SongDetailViewController.swift in Sources */ = {isa = PBXBuildFile; fileRef = 22B501692995E2AB00677964 /* SongDetailViewController.swift */; };
		22B5016C2995E2B500677964 /* SongDetailPresenter.swift in Sources */ = {isa = PBXBuildFile; fileRef = 22B5016B2995E2B500677964 /* SongDetailPresenter.swift */; };
		22B5016F29963AEE00677964 /* SongInfoStackView.swift in Sources */ = {isa = PBXBuildFile; fileRef = 22B5016E29963AEE00677964 /* SongInfoStackView.swift */; };
		22B501712996868300677964 /* KaraokeRequestModel.swift in Sources */ = {isa = PBXBuildFile; fileRef = 22B501702996868300677964 /* KaraokeRequestModel.swift */; };
		22B501732996869E00677964 /* BrandType.swift in Sources */ = {isa = PBXBuildFile; fileRef = 22B501722996869E00677964 /* BrandType.swift */; };
		22B50175299686B000677964 /* RankDataType.swift in Sources */ = {isa = PBXBuildFile; fileRef = 22B50174299686B000677964 /* RankDataType.swift */; };
		22B50177299790FF00677964 /* UIColor+.swift in Sources */ = {isa = PBXBuildFile; fileRef = 22B50176299790FF00677964 /* UIColor+.swift */; };
		22B50179299796BC00677964 /* UserDefaultsManager.swift in Sources */ = {isa = PBXBuildFile; fileRef = 22B50178299796BC00677964 /* UserDefaultsManager.swift */; };
		22B5017F2998EAD100677964 /* FavoriteSongViewController.swift in Sources */ = {isa = PBXBuildFile; fileRef = 22B5017E2998EAD100677964 /* FavoriteSongViewController.swift */; };
		22B501812998EAED00677964 /* FavoriteSongPresenter.swift in Sources */ = {isa = PBXBuildFile; fileRef = 22B501802998EAED00677964 /* FavoriteSongPresenter.swift */; };
		22BF3D242D04260900A7037C /* SearchType.swift in Sources */ = {isa = PBXBuildFile; fileRef = 22BF3D232D04260900A7037C /* SearchType.swift */; };
		22BF3D262D043F6000A7037C /* SongDetailReactor.swift in Sources */ = {isa = PBXBuildFile; fileRef = 22BF3D252D043F6000A7037C /* SongDetailReactor.swift */; };
		22E0A8402BE4C4CE0024EBE7 /* PersistenceManager.swift in Sources */ = {isa = PBXBuildFile; fileRef = 22E0A83F2BE4C4CE0024EBE7 /* PersistenceManager.swift */; };
/* End PBXBuildFile section */

/* Begin PBXFileReference section */
		22333BE529ADE9A800C0A56D /* KaraokeError.swift */ = {isa = PBXFileReference; lastKnownFileType = sourcecode.swift; path = KaraokeError.swift; sourceTree = "<group>"; };
		224679262D057676005408E6 /* FavoriteSongReactor.swift */ = {isa = PBXFileReference; lastKnownFileType = sourcecode.swift; path = FavoriteSongReactor.swift; sourceTree = "<group>"; };
		226104652BE60BD700E77003 /* Date+.swift */ = {isa = PBXFileReference; lastKnownFileType = sourcecode.swift; path = "Date+.swift"; sourceTree = "<group>"; };
		226104672BE60BE300E77003 /* UITextField+.swift */ = {isa = PBXFileReference; lastKnownFileType = sourcecode.swift; path = "UITextField+.swift"; sourceTree = "<group>"; };
		2261D7B529990B5E0059222E /* RecentSongViewController.swift */ = {isa = PBXFileReference; lastKnownFileType = sourcecode.swift; path = RecentSongViewController.swift; sourceTree = "<group>"; };
		2261D7B729990B660059222E /* RecentSongPresenter.swift */ = {isa = PBXFileReference; lastKnownFileType = sourcecode.swift; path = RecentSongPresenter.swift; sourceTree = "<group>"; };
		2261D7BC299E68BF0059222E /* SearchResultViewController.swift */ = {isa = PBXFileReference; lastKnownFileType = sourcecode.swift; path = SearchResultViewController.swift; sourceTree = "<group>"; };
		2261D7BE299E68E80059222E /* SearchResultPresenter.swift */ = {isa = PBXFileReference; lastKnownFileType = sourcecode.swift; path = SearchResultPresenter.swift; sourceTree = "<group>"; };
		22A375AB2BE4DD9A00902081 /* SongModel.xcdatamodel */ = {isa = PBXFileReference; lastKnownFileType = wrapper.xcdatamodel; path = SongModel.xcdatamodel; sourceTree = "<group>"; };
		22AE3BFB2CDDFD5C00CFE787 /* HomeReactor.swift */ = {isa = PBXFileReference; lastKnownFileType = sourcecode.swift; path = HomeReactor.swift; sourceTree = "<group>"; };
		22B501162993EA4E00677964 /* KaraokeBooks.app */ = {isa = PBXFileReference; explicitFileType = wrapper.application; includeInIndex = 0; path = KaraokeBooks.app; sourceTree = BUILT_PRODUCTS_DIR; };
		22B501192993EA4E00677964 /* AppDelegate.swift */ = {isa = PBXFileReference; lastKnownFileType = sourcecode.swift; path = AppDelegate.swift; sourceTree = "<group>"; };
		22B5011B2993EA4E00677964 /* SceneDelegate.swift */ = {isa = PBXFileReference; lastKnownFileType = sourcecode.swift; path = SceneDelegate.swift; sourceTree = "<group>"; };
		22B501222993EA4E00677964 /* Assets.xcassets */ = {isa = PBXFileReference; lastKnownFileType = folder.assetcatalog; path = Assets.xcassets; sourceTree = "<group>"; };
		22B501252993EA4E00677964 /* Base */ = {isa = PBXFileReference; lastKnownFileType = file.storyboard; name = Base; path = Base.lproj/LaunchScreen.storyboard; sourceTree = "<group>"; };
		22B501272993EA4E00677964 /* Info.plist */ = {isa = PBXFileReference; lastKnownFileType = text.plist.xml; path = Info.plist; sourceTree = "<group>"; };
		22B501492993EA7900677964 /* HomeViewController.swift */ = {isa = PBXFileReference; lastKnownFileType = sourcecode.swift; path = HomeViewController.swift; sourceTree = "<group>"; };
		22B5014B2993EA9C00677964 /* HomePresenter.swift */ = {isa = PBXFileReference; lastKnownFileType = sourcecode.swift; path = HomePresenter.swift; sourceTree = "<group>"; };
		22B5014E2993EABA00677964 /* KaraokeSearchManager.swift */ = {isa = PBXFileReference; lastKnownFileType = sourcecode.swift; path = KaraokeSearchManager.swift; sourceTree = "<group>"; };
		22B501512993EAD800677964 /* KaraokeSearchInfo.swift */ = {isa = PBXFileReference; lastKnownFileType = sourcecode.swift; path = KaraokeSearchInfo.swift; sourceTree = "<group>"; };
		22B501592993EB4F00677964 /* Song.swift */ = {isa = PBXFileReference; lastKnownFileType = sourcecode.swift; path = Song.swift; sourceTree = "<group>"; };
		22B501662993F40F00677964 /* HomeList.swift */ = {isa = PBXFileReference; lastKnownFileType = sourcecode.swift; path = HomeList.swift; sourceTree = "<group>"; };
		22B501692995E2AB00677964 /* SongDetailViewController.swift */ = {isa = PBXFileReference; lastKnownFileType = sourcecode.swift; path = SongDetailViewController.swift; sourceTree = "<group>"; };
		22B5016B2995E2B500677964 /* SongDetailPresenter.swift */ = {isa = PBXFileReference; lastKnownFileType = sourcecode.swift; path = SongDetailPresenter.swift; sourceTree = "<group>"; };
		22B5016E29963AEE00677964 /* SongInfoStackView.swift */ = {isa = PBXFileReference; lastKnownFileType = sourcecode.swift; path = SongInfoStackView.swift; sourceTree = "<group>"; };
		22B501702996868300677964 /* KaraokeRequestModel.swift */ = {isa = PBXFileReference; lastKnownFileType = sourcecode.swift; path = KaraokeRequestModel.swift; sourceTree = "<group>"; };
		22B501722996869E00677964 /* BrandType.swift */ = {isa = PBXFileReference; lastKnownFileType = sourcecode.swift; path = BrandType.swift; sourceTree = "<group>"; };
		22B50174299686B000677964 /* RankDataType.swift */ = {isa = PBXFileReference; lastKnownFileType = sourcecode.swift; path = RankDataType.swift; sourceTree = "<group>"; };
		22B50176299790FF00677964 /* UIColor+.swift */ = {isa = PBXFileReference; lastKnownFileType = sourcecode.swift; path = "UIColor+.swift"; sourceTree = "<group>"; };
		22B50178299796BC00677964 /* UserDefaultsManager.swift */ = {isa = PBXFileReference; lastKnownFileType = sourcecode.swift; path = UserDefaultsManager.swift; sourceTree = "<group>"; };
		22B5017E2998EAD100677964 /* FavoriteSongViewController.swift */ = {isa = PBXFileReference; lastKnownFileType = sourcecode.swift; path = FavoriteSongViewController.swift; sourceTree = "<group>"; };
		22B501802998EAED00677964 /* FavoriteSongPresenter.swift */ = {isa = PBXFileReference; lastKnownFileType = sourcecode.swift; path = FavoriteSongPresenter.swift; sourceTree = "<group>"; };
		22BF3D232D04260900A7037C /* SearchType.swift */ = {isa = PBXFileReference; lastKnownFileType = sourcecode.swift; path = SearchType.swift; sourceTree = "<group>"; };
		22BF3D252D043F6000A7037C /* SongDetailReactor.swift */ = {isa = PBXFileReference; lastKnownFileType = sourcecode.swift; path = SongDetailReactor.swift; sourceTree = "<group>"; };
		22E0A83F2BE4C4CE0024EBE7 /* PersistenceManager.swift */ = {isa = PBXFileReference; lastKnownFileType = sourcecode.swift; path = PersistenceManager.swift; sourceTree = "<group>"; };
/* End PBXFileReference section */

/* Begin PBXFileSystemSynchronizedRootGroup section */
		224679112D05746A005408E6 /* Views */ = {isa = PBXFileSystemSynchronizedRootGroup; explicitFileTypes = {}; explicitFolders = (); path = Views; sourceTree = "<group>"; };
/* End PBXFileSystemSynchronizedRootGroup section */

/* Begin PBXFrameworksBuildPhase section */
		22B501132993EA4E00677964 /* Frameworks */ = {
			isa = PBXFrameworksBuildPhase;
			buildActionMask = 2147483647;
			files = (
				22AE3C062CE2113C00CFE787 /* RxSwift in Frameworks */,
				22AE3C042CE2113C00CFE787 /* RxRelay in Frameworks */,
				22B5015D2993EB9200677964 /* SnapKit in Frameworks */,
				22AE3BFA2CDDFAFB00CFE787 /* ReactorKit in Frameworks */,
				22AE3C022CE2113C00CFE787 /* RxCocoa in Frameworks */,
				22B501602993EBA300677964 /* Alamofire in Frameworks */,
			);
			runOnlyForDeploymentPostprocessing = 0;
		};
/* End PBXFrameworksBuildPhase section */

/* Begin PBXGroup section */
		2261D7B929990B6A0059222E /* RecentSong */ = {
			isa = PBXGroup;
			children = (
				2261D7B529990B5E0059222E /* RecentSongViewController.swift */,
				2261D7B729990B660059222E /* RecentSongPresenter.swift */,
			);
			path = RecentSong;
			sourceTree = "<group>";
		};
		2261D7C0299E690A0059222E /* SearchResult */ = {
			isa = PBXGroup;
			children = (
				2261D7BC299E68BF0059222E /* SearchResultViewController.swift */,
				2261D7BE299E68E80059222E /* SearchResultPresenter.swift */,
			);
			path = SearchResult;
			sourceTree = "<group>";
		};
		227DC64E29C08DB000AAC9D2 /* App */ = {
			isa = PBXGroup;
			children = (
				22B501192993EA4E00677964 /* AppDelegate.swift */,
				22B5011B2993EA4E00677964 /* SceneDelegate.swift */,
			);
			path = App;
			sourceTree = "<group>";
		};
		227DC64F29C08DC300AAC9D2 /* Assets */ = {
			isa = PBXGroup;
			children = (
				22B501222993EA4E00677964 /* Assets.xcassets */,
				22B501242993EA4E00677964 /* LaunchScreen.storyboard */,
			);
			path = Assets;
			sourceTree = "<group>";
		};
		227DC65029C08DD100AAC9D2 /* Utils */ = {
			isa = PBXGroup;
			children = (
				22B50176299790FF00677964 /* UIColor+.swift */,
				226104672BE60BE300E77003 /* UITextField+.swift */,
				226104652BE60BD700E77003 /* Date+.swift */,
			);
			path = Utils;
			sourceTree = "<group>";
		};
		227DC65129C08DEA00AAC9D2 /* Domain */ = {
			isa = PBXGroup;
			children = (
				22B501502993EAC300677964 /* Manager */,
				22B501612993EBE800677964 /* Models */,
			);
			path = Domain;
			sourceTree = "<group>";
		};
		22B5010D2993EA4E00677964 = {
			isa = PBXGroup;
			children = (
				22B501182993EA4E00677964 /* KaraokeBooks */,
				22B501172993EA4E00677964 /* Products */,
			);
			sourceTree = "<group>";
		};
		22B501172993EA4E00677964 /* Products */ = {
			isa = PBXGroup;
			children = (
				22B501162993EA4E00677964 /* KaraokeBooks.app */,
			);
			name = Products;
			sourceTree = "<group>";
		};
		22B501182993EA4E00677964 /* KaraokeBooks */ = {
			isa = PBXGroup;
			children = (
				22B501272993EA4E00677964 /* Info.plist */,
				227DC64E29C08DB000AAC9D2 /* App */,
				227DC64F29C08DC300AAC9D2 /* Assets */,
				227DC65129C08DEA00AAC9D2 /* Domain */,
				224679112D05746A005408E6 /* Views */,
				22B5014D2993EAA500677964 /* ViewControllers */,
				227DC65029C08DD100AAC9D2 /* Utils */,
			);
			path = KaraokeBooks;
			sourceTree = "<group>";
		};
		22B5014D2993EAA500677964 /* ViewControllers */ = {
			isa = PBXGroup;
			children = (
				22B501682995DD0300677964 /* Home */,
				22B501822998EE6900677964 /* Favorite */,
				2261D7C0299E690A0059222E /* SearchResult */,
				22B5016D2995E2B900677964 /* SongDetail */,
				2261D7B929990B6A0059222E /* RecentSong */,
			);
			path = ViewControllers;
			sourceTree = "<group>";
		};
		22B501502993EAC300677964 /* Manager */ = {
			isa = PBXGroup;
			children = (
				22B501512993EAD800677964 /* KaraokeSearchInfo.swift */,
				22B5014E2993EABA00677964 /* KaraokeSearchManager.swift */,
				22B50178299796BC00677964 /* UserDefaultsManager.swift */,
				22E0A83F2BE4C4CE0024EBE7 /* PersistenceManager.swift */,
			);
			path = Manager;
			sourceTree = "<group>";
		};
		22B501612993EBE800677964 /* Models */ = {
			isa = PBXGroup;
			children = (
				22333BE529ADE9A800C0A56D /* KaraokeError.swift */,
				22B501592993EB4F00677964 /* Song.swift */,
				22B501702996868300677964 /* KaraokeRequestModel.swift */,
				22BF3D232D04260900A7037C /* SearchType.swift */,
				22B50174299686B000677964 /* RankDataType.swift */,
				22B501722996869E00677964 /* BrandType.swift */,
				22B501662993F40F00677964 /* HomeList.swift */,
				22A375AA2BE4DD9A00902081 /* SongModel.xcdatamodeld */,
			);
			path = Models;
			sourceTree = "<group>";
		};
		22B501682995DD0300677964 /* Home */ = {
			isa = PBXGroup;
			children = (
				22B501492993EA7900677964 /* HomeViewController.swift */,
				22AE3BFB2CDDFD5C00CFE787 /* HomeReactor.swift */,
				22B5014B2993EA9C00677964 /* HomePresenter.swift */,
			);
			path = Home;
			sourceTree = "<group>";
		};
		22B5016D2995E2B900677964 /* SongDetail */ = {
			isa = PBXGroup;
			children = (
				22B501692995E2AB00677964 /* SongDetailViewController.swift */,
				22B5016B2995E2B500677964 /* SongDetailPresenter.swift */,
				22BF3D252D043F6000A7037C /* SongDetailReactor.swift */,
				22B5016E29963AEE00677964 /* SongInfoStackView.swift */,
			);
			path = SongDetail;
			sourceTree = "<group>";
		};
		22B501822998EE6900677964 /* Favorite */ = {
			isa = PBXGroup;
			children = (
				22B5017E2998EAD100677964 /* FavoriteSongViewController.swift */,
				224679262D057676005408E6 /* FavoriteSongReactor.swift */,
				22B501802998EAED00677964 /* FavoriteSongPresenter.swift */,
			);
			path = Favorite;
			sourceTree = "<group>";
		};
/* End PBXGroup section */

/* Begin PBXNativeTarget section */
		22B501152993EA4E00677964 /* KaraokeBooks */ = {
			isa = PBXNativeTarget;
			buildConfigurationList = 22B501402993EA4F00677964 /* Build configuration list for PBXNativeTarget "KaraokeBooks" */;
			buildPhases = (
				22B501122993EA4E00677964 /* Sources */,
				22B501132993EA4E00677964 /* Frameworks */,
				22B501142993EA4E00677964 /* Resources */,
			);
			buildRules = (
			);
			dependencies = (
			);
			fileSystemSynchronizedGroups = (
				224679112D05746A005408E6 /* Views */,
			);
			name = KaraokeBooks;
			packageProductDependencies = (
				22B5015C2993EB9200677964 /* SnapKit */,
				22B5015F2993EBA300677964 /* Alamofire */,
				22AE3BF92CDDFAFB00CFE787 /* ReactorKit */,
				22AE3C012CE2113C00CFE787 /* RxCocoa */,
				22AE3C032CE2113C00CFE787 /* RxRelay */,
				22AE3C052CE2113C00CFE787 /* RxSwift */,
			);
			productName = KaraokeBooks;
			productReference = 22B501162993EA4E00677964 /* KaraokeBooks.app */;
			productType = "com.apple.product-type.application";
		};
/* End PBXNativeTarget section */

/* Begin PBXProject section */
		22B5010E2993EA4E00677964 /* Project object */ = {
			isa = PBXProject;
			attributes = {
				BuildIndependentTargetsInParallel = 1;
				LastSwiftUpdateCheck = 1420;
				LastUpgradeCheck = 1530;
				TargetAttributes = {
					22B501152993EA4E00677964 = {
						CreatedOnToolsVersion = 14.2;
					};
				};
			};
			buildConfigurationList = 22B501112993EA4E00677964 /* Build configuration list for PBXProject "KaraokeBooks" */;
			compatibilityVersion = "Xcode 14.0";
			developmentRegion = ko;
			hasScannedForEncodings = 0;
			knownRegions = (
				en,
				Base,
				ko,
			);
			mainGroup = 22B5010D2993EA4E00677964;
			packageReferences = (
				22B5015B2993EB9200677964 /* XCRemoteSwiftPackageReference "SnapKit" */,
				22B5015E2993EBA300677964 /* XCRemoteSwiftPackageReference "Alamofire" */,
				22AE3BF82CDDFAFB00CFE787 /* XCRemoteSwiftPackageReference "ReactorKit" */,
				22AE3C002CE2113C00CFE787 /* XCRemoteSwiftPackageReference "RxSwift" */,
			);
			productRefGroup = 22B501172993EA4E00677964 /* Products */;
			projectDirPath = "";
			projectRoot = "";
			targets = (
				22B501152993EA4E00677964 /* KaraokeBooks */,
			);
		};
/* End PBXProject section */

/* Begin PBXResourcesBuildPhase section */
		22B501142993EA4E00677964 /* Resources */ = {
			isa = PBXResourcesBuildPhase;
			buildActionMask = 2147483647;
			files = (
				22B501262993EA4E00677964 /* LaunchScreen.storyboard in Resources */,
				22B501232993EA4E00677964 /* Assets.xcassets in Resources */,
			);
			runOnlyForDeploymentPostprocessing = 0;
		};
/* End PBXResourcesBuildPhase section */

/* Begin PBXSourcesBuildPhase section */
		22B501122993EA4E00677964 /* Sources */ = {
			isa = PBXSourcesBuildPhase;
			buildActionMask = 2147483647;
			files = (
				22B501522993EAD800677964 /* KaraokeSearchInfo.swift in Sources */,
				22A375AC2BE4DD9A00902081 /* SongModel.xcdatamodeld in Sources */,
				22B5014F2993EABA00677964 /* KaraokeSearchManager.swift in Sources */,
				22B501812998EAED00677964 /* FavoriteSongPresenter.swift in Sources */,
				2261D7B829990B660059222E /* RecentSongPresenter.swift in Sources */,
				22B5011A2993EA4E00677964 /* AppDelegate.swift in Sources */,
				22B5015A2993EB4F00677964 /* Song.swift in Sources */,
				22B5016F29963AEE00677964 /* SongInfoStackView.swift in Sources */,
				22B50179299796BC00677964 /* UserDefaultsManager.swift in Sources */,
				22B501732996869E00677964 /* BrandType.swift in Sources */,
				22B50175299686B000677964 /* RankDataType.swift in Sources */,
				22333BE629ADE9A800C0A56D /* KaraokeError.swift in Sources */,
				22B5011C2993EA4E00677964 /* SceneDelegate.swift in Sources */,
				226104662BE60BD800E77003 /* Date+.swift in Sources */,
				22BF3D242D04260900A7037C /* SearchType.swift in Sources */,
				2261D7B629990B5E0059222E /* RecentSongViewController.swift in Sources */,
				22AE3BFC2CDDFD5C00CFE787 /* HomeReactor.swift in Sources */,
				22B5016C2995E2B500677964 /* SongDetailPresenter.swift in Sources */,
				22B501672993F40F00677964 /* HomeList.swift in Sources */,
				22B5016A2995E2AB00677964 /* SongDetailViewController.swift in Sources */,
				22BF3D262D043F6000A7037C /* SongDetailReactor.swift in Sources */,
				22B5014C2993EA9C00677964 /* HomePresenter.swift in Sources */,
				22B50177299790FF00677964 /* UIColor+.swift in Sources */,
				22E0A8402BE4C4CE0024EBE7 /* PersistenceManager.swift in Sources */,
				2261D7BF299E68E80059222E /* SearchResultPresenter.swift in Sources */,
				2261D7BD299E68BF0059222E /* SearchResultViewController.swift in Sources */,
				224679272D057676005408E6 /* FavoriteSongReactor.swift in Sources */,
				22B501712996868300677964 /* KaraokeRequestModel.swift in Sources */,
				22B5017F2998EAD100677964 /* FavoriteSongViewController.swift in Sources */,
				22B5014A2993EA7900677964 /* HomeViewController.swift in Sources */,
				226104682BE60BE300E77003 /* UITextField+.swift in Sources */,
			);
			runOnlyForDeploymentPostprocessing = 0;
		};
/* End PBXSourcesBuildPhase section */

/* Begin PBXVariantGroup section */
		22B501242993EA4E00677964 /* LaunchScreen.storyboard */ = {
			isa = PBXVariantGroup;
			children = (
				22B501252993EA4E00677964 /* Base */,
			);
			name = LaunchScreen.storyboard;
			sourceTree = "<group>";
		};
/* End PBXVariantGroup section */

/* Begin XCBuildConfiguration section */
		22B5013E2993EA4F00677964 /* Debug */ = {
			isa = XCBuildConfiguration;
			buildSettings = {
				ALWAYS_SEARCH_USER_PATHS = NO;
				CLANG_ANALYZER_LOCALIZABILITY_NONLOCALIZED = YES;
				CLANG_ANALYZER_NONNULL = YES;
				CLANG_ANALYZER_NUMBER_OBJECT_CONVERSION = YES_AGGRESSIVE;
				CLANG_CXX_LANGUAGE_STANDARD = "gnu++20";
				CLANG_ENABLE_MODULES = YES;
				CLANG_ENABLE_OBJC_ARC = YES;
				CLANG_ENABLE_OBJC_WEAK = YES;
				CLANG_WARN_BLOCK_CAPTURE_AUTORELEASING = YES;
				CLANG_WARN_BOOL_CONVERSION = YES;
				CLANG_WARN_COMMA = YES;
				CLANG_WARN_CONSTANT_CONVERSION = YES;
				CLANG_WARN_DEPRECATED_OBJC_IMPLEMENTATIONS = YES;
				CLANG_WARN_DIRECT_OBJC_ISA_USAGE = YES_ERROR;
				CLANG_WARN_DOCUMENTATION_COMMENTS = YES;
				CLANG_WARN_EMPTY_BODY = YES;
				CLANG_WARN_ENUM_CONVERSION = YES;
				CLANG_WARN_INFINITE_RECURSION = YES;
				CLANG_WARN_INT_CONVERSION = YES;
				CLANG_WARN_NON_LITERAL_NULL_CONVERSION = YES;
				CLANG_WARN_OBJC_IMPLICIT_RETAIN_SELF = YES;
				CLANG_WARN_OBJC_LITERAL_CONVERSION = YES;
				CLANG_WARN_OBJC_ROOT_CLASS = YES_ERROR;
				CLANG_WARN_QUOTED_INCLUDE_IN_FRAMEWORK_HEADER = YES;
				CLANG_WARN_RANGE_LOOP_ANALYSIS = YES;
				CLANG_WARN_STRICT_PROTOTYPES = YES;
				CLANG_WARN_SUSPICIOUS_MOVE = YES;
				CLANG_WARN_UNGUARDED_AVAILABILITY = YES_AGGRESSIVE;
				CLANG_WARN_UNREACHABLE_CODE = YES;
				CLANG_WARN__DUPLICATE_METHOD_MATCH = YES;
				COPY_PHASE_STRIP = NO;
				DEBUG_INFORMATION_FORMAT = dwarf;
				ENABLE_STRICT_OBJC_MSGSEND = YES;
				ENABLE_TESTABILITY = YES;
				GCC_C_LANGUAGE_STANDARD = gnu11;
				GCC_DYNAMIC_NO_PIC = NO;
				GCC_NO_COMMON_BLOCKS = YES;
				GCC_OPTIMIZATION_LEVEL = 0;
				GCC_PREPROCESSOR_DEFINITIONS = (
					"DEBUG=1",
					"$(inherited)",
				);
				GCC_WARN_64_TO_32_BIT_CONVERSION = YES;
				GCC_WARN_ABOUT_RETURN_TYPE = YES_ERROR;
				GCC_WARN_UNDECLARED_SELECTOR = YES;
				GCC_WARN_UNINITIALIZED_AUTOS = YES_AGGRESSIVE;
				GCC_WARN_UNUSED_FUNCTION = YES;
				GCC_WARN_UNUSED_VARIABLE = YES;
				IPHONEOS_DEPLOYMENT_TARGET = 16.2;
				MTL_ENABLE_DEBUG_INFO = INCLUDE_SOURCE;
				MTL_FAST_MATH = YES;
				ONLY_ACTIVE_ARCH = YES;
				SDKROOT = iphoneos;
				SWIFT_ACTIVE_COMPILATION_CONDITIONS = DEBUG;
				SWIFT_OPTIMIZATION_LEVEL = "-Onone";
			};
			name = Debug;
		};
		22B5013F2993EA4F00677964 /* Release */ = {
			isa = XCBuildConfiguration;
			buildSettings = {
				ALWAYS_SEARCH_USER_PATHS = NO;
				CLANG_ANALYZER_LOCALIZABILITY_NONLOCALIZED = YES;
				CLANG_ANALYZER_NONNULL = YES;
				CLANG_ANALYZER_NUMBER_OBJECT_CONVERSION = YES_AGGRESSIVE;
				CLANG_CXX_LANGUAGE_STANDARD = "gnu++20";
				CLANG_ENABLE_MODULES = YES;
				CLANG_ENABLE_OBJC_ARC = YES;
				CLANG_ENABLE_OBJC_WEAK = YES;
				CLANG_WARN_BLOCK_CAPTURE_AUTORELEASING = YES;
				CLANG_WARN_BOOL_CONVERSION = YES;
				CLANG_WARN_COMMA = YES;
				CLANG_WARN_CONSTANT_CONVERSION = YES;
				CLANG_WARN_DEPRECATED_OBJC_IMPLEMENTATIONS = YES;
				CLANG_WARN_DIRECT_OBJC_ISA_USAGE = YES_ERROR;
				CLANG_WARN_DOCUMENTATION_COMMENTS = YES;
				CLANG_WARN_EMPTY_BODY = YES;
				CLANG_WARN_ENUM_CONVERSION = YES;
				CLANG_WARN_INFINITE_RECURSION = YES;
				CLANG_WARN_INT_CONVERSION = YES;
				CLANG_WARN_NON_LITERAL_NULL_CONVERSION = YES;
				CLANG_WARN_OBJC_IMPLICIT_RETAIN_SELF = YES;
				CLANG_WARN_OBJC_LITERAL_CONVERSION = YES;
				CLANG_WARN_OBJC_ROOT_CLASS = YES_ERROR;
				CLANG_WARN_QUOTED_INCLUDE_IN_FRAMEWORK_HEADER = YES;
				CLANG_WARN_RANGE_LOOP_ANALYSIS = YES;
				CLANG_WARN_STRICT_PROTOTYPES = YES;
				CLANG_WARN_SUSPICIOUS_MOVE = YES;
				CLANG_WARN_UNGUARDED_AVAILABILITY = YES_AGGRESSIVE;
				CLANG_WARN_UNREACHABLE_CODE = YES;
				CLANG_WARN__DUPLICATE_METHOD_MATCH = YES;
				COPY_PHASE_STRIP = NO;
				DEBUG_INFORMATION_FORMAT = "dwarf-with-dsym";
				ENABLE_NS_ASSERTIONS = NO;
				ENABLE_STRICT_OBJC_MSGSEND = YES;
				GCC_C_LANGUAGE_STANDARD = gnu11;
				GCC_NO_COMMON_BLOCKS = YES;
				GCC_WARN_64_TO_32_BIT_CONVERSION = YES;
				GCC_WARN_ABOUT_RETURN_TYPE = YES_ERROR;
				GCC_WARN_UNDECLARED_SELECTOR = YES;
				GCC_WARN_UNINITIALIZED_AUTOS = YES_AGGRESSIVE;
				GCC_WARN_UNUSED_FUNCTION = YES;
				GCC_WARN_UNUSED_VARIABLE = YES;
				IPHONEOS_DEPLOYMENT_TARGET = 16.2;
				MTL_ENABLE_DEBUG_INFO = NO;
				MTL_FAST_MATH = YES;
				SDKROOT = iphoneos;
				SWIFT_COMPILATION_MODE = wholemodule;
				SWIFT_OPTIMIZATION_LEVEL = "-O";
				VALIDATE_PRODUCT = YES;
			};
			name = Release;
		};
		22B501412993EA4F00677964 /* Debug */ = {
			isa = XCBuildConfiguration;
			buildSettings = {
				ASSETCATALOG_COMPILER_APPICON_NAME = AppIcon;
				ASSETCATALOG_COMPILER_GLOBAL_ACCENT_COLOR_NAME = AccentColor;
				CODE_SIGN_STYLE = Automatic;
				CURRENT_PROJECT_VERSION = 1;
				DEVELOPMENT_TEAM = UUYBHY988H;
				GENERATE_INFOPLIST_FILE = YES;
				INFOPLIST_FILE = KaraokeBooks/Info.plist;
				INFOPLIST_KEY_CFBundleDisplayName = "노래방Book";
				INFOPLIST_KEY_UIApplicationSupportsIndirectInputEvents = YES;
				INFOPLIST_KEY_UILaunchStoryboardName = LaunchScreen;
				INFOPLIST_KEY_UISupportedInterfaceOrientations = UIInterfaceOrientationPortrait;
				INFOPLIST_KEY_UISupportedInterfaceOrientations_iPad = "UIInterfaceOrientationLandscapeLeft UIInterfaceOrientationLandscapeRight UIInterfaceOrientationPortrait UIInterfaceOrientationPortraitUpsideDown";
				IPHONEOS_DEPLOYMENT_TARGET = 14.0;
				LD_RUNPATH_SEARCH_PATHS = (
					"$(inherited)",
					"@executable_path/Frameworks",
				);
				MARKETING_VERSION = 1.0.4;
				PRODUCT_BUNDLE_IDENTIFIER = personal.KaraokeBooks;
				PRODUCT_NAME = "$(TARGET_NAME)";
				SUPPORTED_PLATFORMS = "iphoneos iphonesimulator";
				SUPPORTS_MACCATALYST = NO;
				SUPPORTS_MAC_DESIGNED_FOR_IPHONE_IPAD = YES;
				SWIFT_EMIT_LOC_STRINGS = YES;
				SWIFT_STRICT_CONCURRENCY = minimal;
				SWIFT_VERSION = 5.0;
				TARGETED_DEVICE_FAMILY = "1,2";
			};
			name = Debug;
		};
		22B501422993EA4F00677964 /* Release */ = {
			isa = XCBuildConfiguration;
			buildSettings = {
				ASSETCATALOG_COMPILER_APPICON_NAME = AppIcon;
				ASSETCATALOG_COMPILER_GLOBAL_ACCENT_COLOR_NAME = AccentColor;
				CODE_SIGN_STYLE = Automatic;
				CURRENT_PROJECT_VERSION = 1;
				DEVELOPMENT_TEAM = UUYBHY988H;
				GENERATE_INFOPLIST_FILE = YES;
				INFOPLIST_FILE = KaraokeBooks/Info.plist;
				INFOPLIST_KEY_CFBundleDisplayName = "노래방Book";
				INFOPLIST_KEY_UIApplicationSupportsIndirectInputEvents = YES;
				INFOPLIST_KEY_UILaunchStoryboardName = LaunchScreen;
				INFOPLIST_KEY_UISupportedInterfaceOrientations = UIInterfaceOrientationPortrait;
				INFOPLIST_KEY_UISupportedInterfaceOrientations_iPad = "UIInterfaceOrientationLandscapeLeft UIInterfaceOrientationLandscapeRight UIInterfaceOrientationPortrait UIInterfaceOrientationPortraitUpsideDown";
				IPHONEOS_DEPLOYMENT_TARGET = 14.0;
				LD_RUNPATH_SEARCH_PATHS = (
					"$(inherited)",
					"@executable_path/Frameworks",
				);
				MARKETING_VERSION = 1.0.4;
				PRODUCT_BUNDLE_IDENTIFIER = personal.KaraokeBooks;
				PRODUCT_NAME = "$(TARGET_NAME)";
				SUPPORTED_PLATFORMS = "iphoneos iphonesimulator";
				SUPPORTS_MACCATALYST = NO;
				SUPPORTS_MAC_DESIGNED_FOR_IPHONE_IPAD = YES;
				SWIFT_EMIT_LOC_STRINGS = YES;
				SWIFT_STRICT_CONCURRENCY = minimal;
				SWIFT_VERSION = 5.0;
				TARGETED_DEVICE_FAMILY = "1,2";
			};
			name = Release;
		};
/* End XCBuildConfiguration section */

/* Begin XCConfigurationList section */
		22B501112993EA4E00677964 /* Build configuration list for PBXProject "KaraokeBooks" */ = {
			isa = XCConfigurationList;
			buildConfigurations = (
				22B5013E2993EA4F00677964 /* Debug */,
				22B5013F2993EA4F00677964 /* Release */,
			);
			defaultConfigurationIsVisible = 0;
			defaultConfigurationName = Release;
		};
		22B501402993EA4F00677964 /* Build configuration list for PBXNativeTarget "KaraokeBooks" */ = {
			isa = XCConfigurationList;
			buildConfigurations = (
				22B501412993EA4F00677964 /* Debug */,
				22B501422993EA4F00677964 /* Release */,
			);
			defaultConfigurationIsVisible = 0;
			defaultConfigurationName = Release;
		};
/* End XCConfigurationList section */

/* Begin XCRemoteSwiftPackageReference section */
		22AE3BF82CDDFAFB00CFE787 /* XCRemoteSwiftPackageReference "ReactorKit" */ = {
			isa = XCRemoteSwiftPackageReference;
			repositoryURL = "https://github.com/ReactorKit/ReactorKit";
			requirement = {
				kind = upToNextMajorVersion;
				minimumVersion = 3.2.0;
			};
		};
		22AE3C002CE2113C00CFE787 /* XCRemoteSwiftPackageReference "RxSwift" */ = {
			isa = XCRemoteSwiftPackageReference;
			repositoryURL = "https://github.com/ReactiveX/RxSwift";
			requirement = {
				kind = upToNextMajorVersion;
				minimumVersion = 6.8.0;
			};
		};
		22B5015B2993EB9200677964 /* XCRemoteSwiftPackageReference "SnapKit" */ = {
			isa = XCRemoteSwiftPackageReference;
			repositoryURL = "https://github.com/SnapKit/SnapKit";
			requirement = {
				kind = upToNextMajorVersion;
				minimumVersion = 5.0.0;
			};
		};
		22B5015E2993EBA300677964 /* XCRemoteSwiftPackageReference "Alamofire" */ = {
			isa = XCRemoteSwiftPackageReference;
			repositoryURL = "https://github.com/Alamofire/Alamofire";
			requirement = {
				kind = upToNextMajorVersion;
				minimumVersion = 5.0.0;
			};
		};
/* End XCRemoteSwiftPackageReference section */

/* Begin XCSwiftPackageProductDependency section */
		22AE3BF92CDDFAFB00CFE787 /* ReactorKit */ = {
			isa = XCSwiftPackageProductDependency;
			package = 22AE3BF82CDDFAFB00CFE787 /* XCRemoteSwiftPackageReference "ReactorKit" */;
			productName = ReactorKit;
		};
		22AE3C012CE2113C00CFE787 /* RxCocoa */ = {
			isa = XCSwiftPackageProductDependency;
			package = 22AE3C002CE2113C00CFE787 /* XCRemoteSwiftPackageReference "RxSwift" */;
			productName = RxCocoa;
		};
		22AE3C032CE2113C00CFE787 /* RxRelay */ = {
			isa = XCSwiftPackageProductDependency;
			package = 22AE3C002CE2113C00CFE787 /* XCRemoteSwiftPackageReference "RxSwift" */;
			productName = RxRelay;
		};
		22AE3C052CE2113C00CFE787 /* RxSwift */ = {
			isa = XCSwiftPackageProductDependency;
			package = 22AE3C002CE2113C00CFE787 /* XCRemoteSwiftPackageReference "RxSwift" */;
			productName = RxSwift;
		};
		22B5015C2993EB9200677964 /* SnapKit */ = {
			isa = XCSwiftPackageProductDependency;
			package = 22B5015B2993EB9200677964 /* XCRemoteSwiftPackageReference "SnapKit" */;
			productName = SnapKit;
		};
		22B5015F2993EBA300677964 /* Alamofire */ = {
			isa = XCSwiftPackageProductDependency;
			package = 22B5015E2993EBA300677964 /* XCRemoteSwiftPackageReference "Alamofire" */;
			productName = Alamofire;
		};
/* End XCSwiftPackageProductDependency section */

/* Begin XCVersionGroup section */
		22A375AA2BE4DD9A00902081 /* SongModel.xcdatamodeld */ = {
			isa = XCVersionGroup;
			children = (
				22A375AB2BE4DD9A00902081 /* SongModel.xcdatamodel */,
			);
			currentVersion = 22A375AB2BE4DD9A00902081 /* SongModel.xcdatamodel */;
			name = SongModel.xcdatamodeld;
			path = "/Users/justhm/Documents/Xcode-workspace/KaraokeBooks/KaraokeBooks/Domain/Models/SongModel.xcdatamodeld";
			sourceTree = "<group>";
			versionGroupType = wrapper.xcdatamodel;
		};
/* End XCVersionGroup section */
	};
	rootObject = 22B5010E2993EA4E00677964 /* Project object */;
}
